
Microsoft Visual Studio Solution File, Format Version 12.00
# Visual Studio Version 17
VisualStudioVersion = 17.7.34009.444
MinimumVisualStudioVersion = 10.0.40219.1
Project("{FAE04EC0-301F-11D3-BF4B-00C04F79EFBC}") = "MiddlewareBinding", "MiddlewareBinding\MiddlewareBinding.csproj", "{C2012089-F2BB-4426-AD38-98D99D3612FB}"
EndProject
Global
	GlobalSection(SolutionConfigurationPlatforms) = preSolution
		Debug|Any CPU = Debug|Any CPU
		Release|Any CPU = Release|Any CPU
	EndGlobalSection
	GlobalSection(ProjectConfigurationPlatforms) = postSolution
		{C2012089-F2BB-4426-AD38-98D99D3612FB}.Debug|Any CPU.ActiveCfg = Debug|Any CPU
		{C2012089-F2BB-4426-AD38-98D99D3612FB}.Debug|Any CPU.Build.0 = Debug|Any CPU
		{C2012089-F2BB-4426-AD38-98D99D3612FB}.Release|Any CPU.ActiveCfg = Release|Any CPU
		{C2012089-F2BB-4426-AD38-98D99D3612FB}.Release|Any CPU.Build.0 = Release|Any CPU
	EndGlobalSection
	GlobalSection(SolutionProperties) = preSolution
		HideSolutionNode = FALSE
	EndGlobalSection
	GlobalSection(ExtensibilityGlobals) = postSolution
		SolutionGuid = {B06E97EE-90FB-488A-AD8C-4CBD2D02D3EE}
	EndGlobalSection
EndGlobal
